
Microsoft Visual Studio Solution File, Format Version 12.00
# Visual Studio 15
VisualStudioVersion = 15.0.27625.0
MinimumVisualStudioVersion = 10.0.40219.1
Project("{FAE04EC0-301F-11D3-BF4B-00C04F79EFBC}") = "Test upload file to Google Drive", "Test upload file to Google Drive\Test upload file to Google Drive.csproj", "{2EF0FF27-6D28-41A5-B3AD-F861347FE0AD}"
EndProject
Global
	GlobalSection(SolutionConfigurationPlatforms) = preSolution
		Debug|Any CPU = Debug|Any CPU
		Release|Any CPU = Release|Any CPU
	EndGlobalSection
	GlobalSection(ProjectConfigurationPlatforms) = postSolution
		{2EF0FF27-6D28-41A5-B3AD-F861347FE0AD}.Debug|Any CPU.ActiveCfg = Debug|Any CPU
		{2EF0FF27-6D28-41A5-B3AD-F861347FE0AD}.Debug|Any CPU.Build.0 = Debug|Any CPU
		{2EF0FF27-6D28-41A5-B3AD-F861347FE0AD}.Release|Any CPU.ActiveCfg = Release|Any CPU
		{2EF0FF27-6D28-41A5-B3AD-F861347FE0AD}.Release|Any CPU.Build.0 = Release|Any CPU
	EndGlobalSection
	GlobalSection(SolutionProperties) = preSolution
		HideSolutionNode = FALSE
	EndGlobalSection
	GlobalSection(ExtensibilityGlobals) = postSolution
		SolutionGuid = {4A3B1501-58B9-4ACD-8336-CCF8FB9319EE}
	EndGlobalSection
EndGlobal
